// !$*UTF8*$!
{
	archiveVersion = 1;
	classes = {
	};
	objectVersion = 56;
	objects = {

/* Begin PBXBuildFile section */
		8E3223882C4A7DE00056945A /* ReactorTestApp.swift in Sources */ = {isa = PBXBuildFile; fileRef = 8E3223872C4A7DE00056945A /* ReactorTestApp.swift */; };
		8E32238A2C4A7DE00056945A /* ContentView.swift in Sources */ = {isa = PBXBuildFile; fileRef = 8E3223892C4A7DE00056945A /* ContentView.swift */; };
		8E32238C2C4A7DE30056945A /* Assets.xcassets in Resources */ = {isa = PBXBuildFile; fileRef = 8E32238B2C4A7DE30056945A /* Assets.xcassets */; };
		8E32238F2C4A7DE30056945A /* Preview Assets.xcassets in Resources */ = {isa = PBXBuildFile; fileRef = 8E32238E2C4A7DE30056945A /* Preview Assets.xcassets */; };
		8E3223992C4A7DE40056945A /* ReactorTestTests.swift in Sources */ = {isa = PBXBuildFile; fileRef = 8E3223982C4A7DE40056945A /* ReactorTestTests.swift */; };
		8E3223A32C4A7DE40056945A /* ReactorTestUITests.swift in Sources */ = {isa = PBXBuildFile; fileRef = 8E3223A22C4A7DE40056945A /* ReactorTestUITests.swift */; };
		8E3223A52C4A7DE40056945A /* ReactorTestUITestsLaunchTests.swift in Sources */ = {isa = PBXBuildFile; fileRef = 8E3223A42C4A7DE40056945A /* ReactorTestUITestsLaunchTests.swift */; };
/* End PBXBuildFile section */

/* Begin PBXContainerItemProxy section */
		8E3223952C4A7DE40056945A /* PBXContainerItemProxy */ = {
			isa = PBXContainerItemProxy;
			containerPortal = 8E32237C2C4A7DE00056945A /* Project object */;
			proxyType = 1;
			remoteGlobalIDString = 8E3223832C4A7DE00056945A;
			remoteInfo = ReactorTest;
		};
		8E32239F2C4A7DE40056945A /* PBXContainerItemProxy */ = {
			isa = PBXContainerItemProxy;
			containerPortal = 8E32237C2C4A7DE00056945A /* Project object */;
			proxyType = 1;
			remoteGlobalIDString = 8E3223832C4A7DE00056945A;
			remoteInfo = ReactorTest;
		};
/* End PBXContainerItemProxy section */

/* Begin PBXFileReference section */
		8E3223842C4A7DE00056945A /* ReactorTest.app */ = {isa = PBXFileReference; explicitFileType = wrapper.application; includeInIndex = 0; path = ReactorTest.app; sourceTree = BUILT_PRODUCTS_DIR; };
		8E3223872C4A7DE00056945A /* ReactorTestApp.swift */ = {isa = PBXFileReference; lastKnownFileType = sourcecode.swift; path = ReactorTestApp.swift; sourceTree = "<group>"; };
		8E3223892C4A7DE00056945A /* ContentView.swift */ = {isa = PBXFileReference; lastKnownFileType = sourcecode.swift; path = ContentView.swift; sourceTree = "<group>"; };
		8E32238B2C4A7DE30056945A /* Assets.xcassets */ = {isa = PBXFileReference; lastKnownFileType = folder.assetcatalog; path = Assets.xcassets; sourceTree = "<group>"; };
		8E32238E2C4A7DE30056945A /* Preview Assets.xcassets */ = {isa = PBXFileReference; lastKnownFileType = folder.assetcatalog; path = "Preview Assets.xcassets"; sourceTree = "<group>"; };
		8E3223942C4A7DE40056945A /* ReactorTestTests.xctest */ = {isa = PBXFileReference; explicitFileType = wrapper.cfbundle; includeInIndex = 0; path = ReactorTestTests.xctest; sourceTree = BUILT_PRODUCTS_DIR; };
		8E3223982C4A7DE40056945A /* ReactorTestTests.swift */ = {isa = PBXFileReference; lastKnownFileType = sourcecode.swift; path = ReactorTestTests.swift; sourceTree = "<group>"; };
		8E32239E2C4A7DE40056945A /* ReactorTestUITests.xctest */ = {isa = PBXFileReference; explicitFileType = wrapper.cfbundle; includeInIndex = 0; path = ReactorTestUITests.xctest; sourceTree = BUILT_PRODUCTS_DIR; };
		8E3223A22C4A7DE40056945A /* ReactorTestUITests.swift */ = {isa = PBXFileReference; lastKnownFileType = sourcecode.swift; path = ReactorTestUITests.swift; sourceTree = "<group>"; };
		8E3223A42C4A7DE40056945A /* ReactorTestUITestsLaunchTests.swift */ = {isa = PBXFileReference; lastKnownFileType = sourcecode.swift; path = ReactorTestUITestsLaunchTests.swift; sourceTree = "<group>"; };
/* End PBXFileReference section */

/* Begin PBXFrameworksBuildPhase section */
		8E3223812C4A7DE00056945A /* Frameworks */ = {
			isa = PBXFrameworksBuildPhase;
			buildActionMask = 2147483647;
			files = (
			);
			runOnlyForDeploymentPostprocessing = 0;
		};
		8E3223912C4A7DE40056945A /* Frameworks */ = {
			isa = PBXFrameworksBuildPhase;
			buildActionMask = 2147483647;
			files = (
			);
			runOnlyForDeploymentPostprocessing = 0;
		};
		8E32239B2C4A7DE40056945A /* Frameworks */ = {
			isa = PBXFrameworksBuildPhase;
			buildActionMask = 2147483647;
			files = (
			);
			runOnlyForDeploymentPostprocessing = 0;
		};
/* End PBXFrameworksBuildPhase section */

/* Begin PBXGroup section */
		8E32237B2C4A7DE00056945A = {
			isa = PBXGroup;
			children = (
				8E3223862C4A7DE00056945A /* ReactorTest */,
				8E3223972C4A7DE40056945A /* ReactorTestTests */,
				8E3223A12C4A7DE40056945A /* ReactorTestUITests */,
				8E3223852C4A7DE00056945A /* Products */,
			);
			sourceTree = "<group>";
		};
		8E3223852C4A7DE00056945A /* Products */ = {
			isa = PBXGroup;
			children = (
				8E3223842C4A7DE00056945A /* ReactorTest.app */,
				8E3223942C4A7DE40056945A /* ReactorTestTests.xctest */,
				8E32239E2C4A7DE40056945A /* ReactorTestUITests.xctest */,
			);
			name = Products;
			sourceTree = "<group>";
		};
		8E3223862C4A7DE00056945A /* ReactorTest */ = {
			isa = PBXGroup;
			children = (
				8E3223872C4A7DE00056945A /* ReactorTestApp.swift */,
				8E3223892C4A7DE00056945A /* ContentView.swift */,
				8E32238B2C4A7DE30056945A /* Assets.xcassets */,
				8E32238D2C4A7DE30056945A /* Preview Content */,
			);
			path = ReactorTest;
			sourceTree = "<group>";
		};
		8E32238D2C4A7DE30056945A /* Preview Content */ = {
			isa = PBXGroup;
			children = (
				8E32238E2C4A7DE30056945A /* Preview Assets.xcassets */,
			);
			path = "Preview Content";
			sourceTree = "<group>";
		};
		8E3223972C4A7DE40056945A /* ReactorTestTests */ = {
			isa = PBXGroup;
			children = (
				8E3223982C4A7DE40056945A /* ReactorTestTests.swift */,
			);
			path = ReactorTestTests;
			sourceTree = "<group>";
		};
		8E3223A12C4A7DE40056945A /* ReactorTestUITests */ = {
			isa = PBXGroup;
			children = (
				8E3223A22C4A7DE40056945A /* ReactorTestUITests.swift */,
				8E3223A42C4A7DE40056945A /* ReactorTestUITestsLaunchTests.swift */,
			);
			path = ReactorTestUITests;
			sourceTree = "<group>";
		};
/* End PBXGroup section */

/* Begin PBXNativeTarget section */
		8E3223832C4A7DE00056945A /* ReactorTest */ = {
			isa = PBXNativeTarget;
			buildConfigurationList = 8E3223A82C4A7DE40056945A /* Build configuration list for PBXNativeTarget "ReactorTest" */;
			buildPhases = (
				8E3223802C4A7DE00056945A /* Sources */,
				8E3223812C4A7DE00056945A /* Frameworks */,
				8E3223822C4A7DE00056945A /* Resources */,
			);
			buildRules = (
			);
			dependencies = (
			);
			name = ReactorTest;
			productName = ReactorTest;
			productReference = 8E3223842C4A7DE00056945A /* ReactorTest.app */;
			productType = "com.apple.product-type.application";
		};
		8E3223932C4A7DE40056945A /* ReactorTestTests */ = {
			isa = PBXNativeTarget;
			buildConfigurationList = 8E3223AB2C4A7DE40056945A /* Build configuration list for PBXNativeTarget "ReactorTestTests" */;
			buildPhases = (
				8E3223902C4A7DE40056945A /* Sources */,
				8E3223912C4A7DE40056945A /* Frameworks */,
				8E3223922C4A7DE40056945A /* Resources */,
			);
			buildRules = (
			);
			dependencies = (
				8E3223962C4A7DE40056945A /* PBXTargetDependency */,
			);
			name = ReactorTestTests;
			productName = ReactorTestTests;
			productReference = 8E3223942C4A7DE40056945A /* ReactorTestTests.xctest */;
			productType = "com.apple.product-type.bundle.unit-test";
		};
		8E32239D2C4A7DE40056945A /* ReactorTestUITests */ = {
			isa = PBXNativeTarget;
			buildConfigurationList = 8E3223AE2C4A7DE40056945A /* Build configuration list for PBXNativeTarget "ReactorTestUITests" */;
			buildPhases = (
				8E32239A2C4A7DE40056945A /* Sources */,
				8E32239B2C4A7DE40056945A /* Frameworks */,
				8E32239C2C4A7DE40056945A /* Resources */,
			);
			buildRules = (
			);
			dependencies = (
				8E3223A02C4A7DE40056945A /* PBXTargetDependency */,
			);
			name = ReactorTestUITests;
			productName = ReactorTestUITests;
			productReference = 8E32239E2C4A7DE40056945A /* ReactorTestUITests.xctest */;
			productType = "com.apple.product-type.bundle.ui-testing";
		};
/* End PBXNativeTarget section */

/* Begin PBXProject section */
		8E32237C2C4A7DE00056945A /* Project object */ = {
			isa = PBXProject;
			attributes = {
				BuildIndependentTargetsInParallel = 1;
				LastSwiftUpdateCheck = 1540;
				LastUpgradeCheck = 1540;
				TargetAttributes = {
					8E3223832C4A7DE00056945A = {
						CreatedOnToolsVersion = 15.4;
					};
					8E3223932C4A7DE40056945A = {
						CreatedOnToolsVersion = 15.4;
						TestTargetID = 8E3223832C4A7DE00056945A;
					};
					8E32239D2C4A7DE40056945A = {
						CreatedOnToolsVersion = 15.4;
						TestTargetID = 8E3223832C4A7DE00056945A;
					};
				};
			};
			buildConfigurationList = 8E32237F2C4A7DE00056945A /* Build configuration list for PBXProject "ReactorTest" */;
			compatibilityVersion = "Xcode 14.0";
			developmentRegion = en;
			hasScannedForEncodings = 0;
			knownRegions = (
				en,
				Base,
			);
			mainGroup = 8E32237B2C4A7DE00056945A;
			productRefGroup = 8E3223852C4A7DE00056945A /* Products */;
			projectDirPath = "";
			projectRoot = "";
			targets = (
				8E3223832C4A7DE00056945A /* ReactorTest */,
				8E3223932C4A7DE40056945A /* ReactorTestTests */,
				8E32239D2C4A7DE40056945A /* ReactorTestUITests */,
			);
		};
/* End PBXProject section */

/* Begin PBXResourcesBuildPhase section */
		8E3223822C4A7DE00056945A /* Resources */ = {
			isa = PBXResourcesBuildPhase;
			buildActionMask = 2147483647;
			files = (
				8E32238F2C4A7DE30056945A /* Preview Assets.xcassets in Resources */,
				8E32238C2C4A7DE30056945A /* Assets.xcassets in Resources */,
			);
			runOnlyForDeploymentPostprocessing = 0;
		};
		8E3223922C4A7DE40056945A /* Resources */ = {
			isa = PBXResourcesBuildPhase;
			buildActionMask = 2147483647;
			files = (
			);
			runOnlyForDeploymentPostprocessing = 0;
		};
		8E32239C2C4A7DE40056945A /* Resources */ = {
			isa = PBXResourcesBuildPhase;
			buildActionMask = 2147483647;
			files = (
			);
			runOnlyForDeploymentPostprocessing = 0;
		};
/* End PBXResourcesBuildPhase section */

/* Begin PBXSourcesBuildPhase section */
		8E3223802C4A7DE00056945A /* Sources */ = {
			isa = PBXSourcesBuildPhase;
			buildActionMask = 2147483647;
			files = (
				8E32238A2C4A7DE00056945A /* ContentView.swift in Sources */,
				8E3223882C4A7DE00056945A /* ReactorTestApp.swift in Sources */,
			);
			runOnlyForDeploymentPostprocessing = 0;
		};
		8E3223902C4A7DE40056945A /* Sources */ = {
			isa = PBXSourcesBuildPhase;
			buildActionMask = 2147483647;
			files = (
				8E3223992C4A7DE40056945A /* ReactorTestTests.swift in Sources */,
			);
			runOnlyForDeploymentPostprocessing = 0;
		};
		8E32239A2C4A7DE40056945A /* Sources */ = {
			isa = PBXSourcesBuildPhase;
			buildActionMask = 2147483647;
			files = (
				8E3223A32C4A7DE40056945A /* ReactorTestUITests.swift in Sources */,
				8E3223A52C4A7DE40056945A /* ReactorTestUITestsLaunchTests.swift in Sources */,
			);
			runOnlyForDeploymentPostprocessing = 0;
		};
/* End PBXSourcesBuildPhase section */

/* Begin PBXTargetDependency section */
		8E3223962C4A7DE40056945A /* PBXTargetDependency */ = {
			isa = PBXTargetDependency;
			target = 8E3223832C4A7DE00056945A /* ReactorTest */;
			targetProxy = 8E3223952C4A7DE40056945A /* PBXContainerItemProxy */;
		};
		8E3223A02C4A7DE40056945A /* PBXTargetDependency */ = {
			isa = PBXTargetDependency;
			target = 8E3223832C4A7DE00056945A /* ReactorTest */;
			targetProxy = 8E32239F2C4A7DE40056945A /* PBXContainerItemProxy */;
		};
/* End PBXTargetDependency section */

/* Begin XCBuildConfiguration section */
		8E3223A62C4A7DE40056945A /* Debug */ = {
			isa = XCBuildConfiguration;
			buildSettings = {
				ALWAYS_SEARCH_USER_PATHS = NO;
				ASSETCATALOG_COMPILER_GENERATE_SWIFT_ASSET_SYMBOL_EXTENSIONS = YES;
				CLANG_ANALYZER_NONNULL = YES;
				CLANG_ANALYZER_NUMBER_OBJECT_CONVERSION = YES_AGGRESSIVE;
				CLANG_CXX_LANGUAGE_STANDARD = "gnu++20";
				CLANG_ENABLE_MODULES = YES;
				CLANG_ENABLE_OBJC_ARC = YES;
				CLANG_ENABLE_OBJC_WEAK = YES;
				CLANG_WARN_BLOCK_CAPTURE_AUTORELEASING = YES;
				CLANG_WARN_BOOL_CONVERSION = YES;
				CLANG_WARN_COMMA = YES;
				CLANG_WARN_CONSTANT_CONVERSION = YES;
				CLANG_WARN_DEPRECATED_OBJC_IMPLEMENTATIONS = YES;
				CLANG_WARN_DIRECT_OBJC_ISA_USAGE = YES_ERROR;
				CLANG_WARN_DOCUMENTATION_COMMENTS = YES;
				CLANG_WARN_EMPTY_BODY = YES;
				CLANG_WARN_ENUM_CONVERSION = YES;
				CLANG_WARN_INFINITE_RECURSION = YES;
				CLANG_WARN_INT_CONVERSION = YES;
				CLANG_WARN_NON_LITERAL_NULL_CONVERSION = YES;
				CLANG_WARN_OBJC_IMPLICIT_RETAIN_SELF = YES;
				CLANG_WARN_OBJC_LITERAL_CONVERSION = YES;
				CLANG_WARN_OBJC_ROOT_CLASS = YES_ERROR;
				CLANG_WARN_QUOTED_INCLUDE_IN_FRAMEWORK_HEADER = YES;
				CLANG_WARN_RANGE_LOOP_ANALYSIS = YES;
				CLANG_WARN_STRICT_PROTOTYPES = YES;
				CLANG_WARN_SUSPICIOUS_MOVE = YES;
				CLANG_WARN_UNGUARDED_AVAILABILITY = YES_AGGRESSIVE;
				CLANG_WARN_UNREACHABLE_CODE = YES;
				CLANG_WARN__DUPLICATE_METHOD_MATCH = YES;
				COPY_PHASE_STRIP = NO;
				DEBUG_INFORMATION_FORMAT = dwarf;
				ENABLE_STRICT_OBJC_MSGSEND = YES;
				ENABLE_TESTABILITY = YES;
				ENABLE_USER_SCRIPT_SANDBOXING = YES;
				GCC_C_LANGUAGE_STANDARD = gnu17;
				GCC_DYNAMIC_NO_PIC = NO;
				GCC_NO_COMMON_BLOCKS = YES;
				GCC_OPTIMIZATION_LEVEL = 0;
				GCC_PREPROCESSOR_DEFINITIONS = (
					"DEBUG=1",
					"$(inherited)",
				);
				GCC_WARN_64_TO_32_BIT_CONVERSION = YES;
				GCC_WARN_ABOUT_RETURN_TYPE = YES_ERROR;
				GCC_WARN_UNDECLARED_SELECTOR = YES;
				GCC_WARN_UNINITIALIZED_AUTOS = YES_AGGRESSIVE;
				GCC_WARN_UNUSED_FUNCTION = YES;
				GCC_WARN_UNUSED_VARIABLE = YES;
				IPHONEOS_DEPLOYMENT_TARGET = 17.5;
				LOCALIZATION_PREFERS_STRING_CATALOGS = YES;
				MTL_ENABLE_DEBUG_INFO = INCLUDE_SOURCE;
				MTL_FAST_MATH = YES;
				ONLY_ACTIVE_ARCH = YES;
				SDKROOT = iphoneos;
				SWIFT_ACTIVE_COMPILATION_CONDITIONS = "DEBUG $(inherited)";
				SWIFT_OPTIMIZATION_LEVEL = "-Onone";
			};
			name = Debug;
		};
		8E3223A72C4A7DE40056945A /* Release */ = {
			isa = XCBuildConfiguration;
			buildSettings = {
				ALWAYS_SEARCH_USER_PATHS = NO;
				ASSETCATALOG_COMPILER_GENERATE_SWIFT_ASSET_SYMBOL_EXTENSIONS = YES;
				CLANG_ANALYZER_NONNULL = YES;
				CLANG_ANALYZER_NUMBER_OBJECT_CONVERSION = YES_AGGRESSIVE;
				CLANG_CXX_LANGUAGE_STANDARD = "gnu++20";
				CLANG_ENABLE_MODULES = YES;
				CLANG_ENABLE_OBJC_ARC = YES;
				CLANG_ENABLE_OBJC_WEAK = YES;
				CLANG_WARN_BLOCK_CAPTURE_AUTORELEASING = YES;
				CLANG_WARN_BOOL_CONVERSION = YES;
				CLANG_WARN_COMMA = YES;
				CLANG_WARN_CONSTANT_CONVERSION = YES;
				CLANG_WARN_DEPRECATED_OBJC_IMPLEMENTATIONS = YES;
				CLANG_WARN_DIRECT_OBJC_ISA_USAGE = YES_ERROR;
				CLANG_WARN_DOCUMENTATION_COMMENTS = YES;
				CLANG_WARN_EMPTY_BODY = YES;
				CLANG_WARN_ENUM_CONVERSION = YES;
				CLANG_WARN_INFINITE_RECURSION = YES;
				CLANG_WARN_INT_CONVERSION = YES;
				CLANG_WARN_NON_LITERAL_NULL_CONVERSION = YES;
				CLANG_WARN_OBJC_IMPLICIT_RETAIN_SELF = YES;
				CLANG_WARN_OBJC_LITERAL_CONVERSION = YES;
				CLANG_WARN_OBJC_ROOT_CLASS = YES_ERROR;
				CLANG_WARN_QUOTED_INCLUDE_IN_FRAMEWORK_HEADER = YES;
				CLANG_WARN_RANGE_LOOP_ANALYSIS = YES;
				CLANG_WARN_STRICT_PROTOTYPES = YES;
				CLANG_WARN_SUSPICIOUS_MOVE = YES;
				CLANG_WARN_UNGUARDED_AVAILABILITY = YES_AGGRESSIVE;
				CLANG_WARN_UNREACHABLE_CODE = YES;
				CLANG_WARN__DUPLICATE_METHOD_MATCH = YES;
				COPY_PHASE_STRIP = NO;
				DEBUG_INFORMATION_FORMAT = "dwarf-with-dsym";
				ENABLE_NS_ASSERTIONS = NO;
				ENABLE_STRICT_OBJC_MSGSEND = YES;
				ENABLE_USER_SCRIPT_SANDBOXING = YES;
				GCC_C_LANGUAGE_STANDARD = gnu17;
				GCC_NO_COMMON_BLOCKS = YES;
				GCC_WARN_64_TO_32_BIT_CONVERSION = YES;
				GCC_WARN_ABOUT_RETURN_TYPE = YES_ERROR;
				GCC_WARN_UNDECLARED_SELECTOR = YES;
				GCC_WARN_UNINITIALIZED_AUTOS = YES_AGGRESSIVE;
				GCC_WARN_UNUSED_FUNCTION = YES;
				GCC_WARN_UNUSED_VARIABLE = YES;
				IPHONEOS_DEPLOYMENT_TARGET = 17.5;
				LOCALIZATION_PREFERS_STRING_CATALOGS = YES;
				MTL_ENABLE_DEBUG_INFO = NO;
				MTL_FAST_MATH = YES;
				SDKROOT = iphoneos;
				SWIFT_COMPILATION_MODE = wholemodule;
				VALIDATE_PRODUCT = YES;
			};
			name = Release;
		};
		8E3223A92C4A7DE40056945A /* Debug */ = {
			isa = XCBuildConfiguration;
			buildSettings = {
				ASSETCATALOG_COMPILER_APPICON_NAME = AppIcon;
				ASSETCATALOG_COMPILER_GLOBAL_ACCENT_COLOR_NAME = AccentColor;
				CODE_SIGN_STYLE = Automatic;
				CURRENT_PROJECT_VERSION = 1;
				DEVELOPMENT_ASSET_PATHS = "\"ReactorTest/Preview Content\"";
				DEVELOPMENT_TEAM = 9GGZWXBXQ6;
				ENABLE_PREVIEWS = YES;
				GENERATE_INFOPLIST_FILE = YES;
				INFOPLIST_KEY_UIApplicationSceneManifest_Generation = YES;
				INFOPLIST_KEY_UIApplicationSupportsIndirectInputEvents = YES;
				INFOPLIST_KEY_UILaunchScreen_Generation = YES;
				INFOPLIST_KEY_UISupportedInterfaceOrientations_iPad = "UIInterfaceOrientationPortrait UIInterfaceOrientationPortraitUpsideDown UIInterfaceOrientationLandscapeLeft UIInterfaceOrientationLandscapeRight";
				INFOPLIST_KEY_UISupportedInterfaceOrientations_iPhone = "UIInterfaceOrientationPortrait UIInterfaceOrientationLandscapeLeft UIInterfaceOrientationLandscapeRight";
				LD_RUNPATH_SEARCH_PATHS = (
					"$(inherited)",
					"@executable_path/Frameworks",
				);
				MARKETING_VERSION = 1.0;
				PRODUCT_BUNDLE_IDENTIFIER = YangCustom.ReactorTest;
				PRODUCT_NAME = "$(TARGET_NAME)";
				SWIFT_EMIT_LOC_STRINGS = YES;
				SWIFT_VERSION = 5.0;
				TARGETED_DEVICE_FAMILY = "1,2";
			};
			name = Debug;
		};
		8E3223AA2C4A7DE40056945A /* Release */ = {
			isa = XCBuildConfiguration;
			buildSettings = {
				ASSETCATALOG_COMPILER_APPICON_NAME = AppIcon;
				ASSETCATALOG_COMPILER_GLOBAL_ACCENT_COLOR_NAME = AccentColor;
				CODE_SIGN_STYLE = Automatic;
				CURRENT_PROJECT_VERSION = 1;
				DEVELOPMENT_ASSET_PATHS = "\"ReactorTest/Preview Content\"";
				DEVELOPMENT_TEAM = 9GGZWXBXQ6;
				ENABLE_PREVIEWS = YES;
				GENERATE_INFOPLIST_FILE = YES;
				INFOPLIST_KEY_UIApplicationSceneManifest_Generation = YES;
				INFOPLIST_KEY_UIApplicationSupportsIndirectInputEvents = YES;
				INFOPLIST_KEY_UILaunchScreen_Generation = YES;
				INFOPLIST_KEY_UISupportedInterfaceOrientations_iPad = "UIInterfaceOrientationPortrait UIInterfaceOrientationPortraitUpsideDown UIInterfaceOrientationLandscapeLeft UIInterfaceOrientationLandscapeRight";
				INFOPLIST_KEY_UISupportedInterfaceOrientations_iPhone = "UIInterfaceOrientationPortrait UIInterfaceOrientationLandscapeLeft UIInterfaceOrientationLandscapeRight";
				LD_RUNPATH_SEARCH_PATHS = (
					"$(inherited)",
					"@executable_path/Frameworks",
				);
				MARKETING_VERSION = 1.0;
				PRODUCT_BUNDLE_IDENTIFIER = YangCustom.ReactorTest;
				PRODUCT_NAME = "$(TARGET_NAME)";
				SWIFT_EMIT_LOC_STRINGS = YES;
				SWIFT_VERSION = 5.0;
				TARGETED_DEVICE_FAMILY = "1,2";
			};
			name = Release;
		};
		8E3223AC2C4A7DE40056945A /* Debug */ = {
			isa = XCBuildConfiguration;
			buildSettings = {
				ALWAYS_EMBED_SWIFT_STANDARD_LIBRARIES = YES;
				BUNDLE_LOADER = "$(TEST_HOST)";
				CODE_SIGN_STYLE = Automatic;
				CURRENT_PROJECT_VERSION = 1;
				DEVELOPMENT_TEAM = 9GGZWXBXQ6;
				GENERATE_INFOPLIST_FILE = YES;
				IPHONEOS_DEPLOYMENT_TARGET = 17.5;
				MARKETING_VERSION = 1.0;
				PRODUCT_BUNDLE_IDENTIFIER = YangCustom.ReactorTestTests;
				PRODUCT_NAME = "$(TARGET_NAME)";
				SWIFT_EMIT_LOC_STRINGS = NO;
				SWIFT_VERSION = 5.0;
				TARGETED_DEVICE_FAMILY = "1,2";
				TEST_HOST = "$(BUILT_PRODUCTS_DIR)/ReactorTest.app/$(BUNDLE_EXECUTABLE_FOLDER_PATH)/ReactorTest";
			};
			name = Debug;
		};
		8E3223AD2C4A7DE40056945A /* Release */ = {
			isa = XCBuildConfiguration;
			buildSettings = {
				ALWAYS_EMBED_SWIFT_STANDARD_LIBRARIES = YES;
				BUNDLE_LOADER = "$(TEST_HOST)";
				CODE_SIGN_STYLE = Automatic;
				CURRENT_PROJECT_VERSION = 1;
				DEVELOPMENT_TEAM = 9GGZWXBXQ6;
				GENERATE_INFOPLIST_FILE = YES;
				IPHONEOS_DEPLOYMENT_TARGET = 17.5;
				MARKETING_VERSION = 1.0;
				PRODUCT_BUNDLE_IDENTIFIER = YangCustom.ReactorTestTests;
				PRODUCT_NAME = "$(TARGET_NAME)";
				SWIFT_EMIT_LOC_STRINGS = NO;
				SWIFT_VERSION = 5.0;
				TARGETED_DEVICE_FAMILY = "1,2";
				TEST_HOST = "$(BUILT_PRODUCTS_DIR)/ReactorTest.app/$(BUNDLE_EXECUTABLE_FOLDER_PATH)/ReactorTest";
			};
			name = Release;
		};
		8E3223AF2C4A7DE40056945A /* Debug */ = {
			isa = XCBuildConfiguration;
			buildSettings = {
				ALWAYS_EMBED_SWIFT_STANDARD_LIBRARIES = YES;
				CODE_SIGN_STYLE = Automatic;
				CURRENT_PROJECT_VERSION = 1;
				DEVELOPMENT_TEAM = 9GGZWXBXQ6;
				GENERATE_INFOPLIST_FILE = YES;
				MARKETING_VERSION = 1.0;
				PRODUCT_BUNDLE_IDENTIFIER = YangCustom.ReactorTestUITests;
				PRODUCT_NAME = "$(TARGET_NAME)";
				SWIFT_EMIT_LOC_STRINGS = NO;
				SWIFT_VERSION = 5.0;
				TARGETED_DEVICE_FAMILY = "1,2";
				TEST_TARGET_NAME = ReactorTest;
			};
			name = Debug;
		};
		8E3223B02C4A7DE40056945A /* Release */ = {
			isa = XCBuildConfiguration;
			buildSettings = {
				ALWAYS_EMBED_SWIFT_STANDARD_LIBRARIES = YES;
				CODE_SIGN_STYLE = Automatic;
				CURRENT_PROJECT_VERSION = 1;
				DEVELOPMENT_TEAM = 9GGZWXBXQ6;
				GENERATE_INFOPLIST_FILE = YES;
				MARKETING_VERSION = 1.0;
				PRODUCT_BUNDLE_IDENTIFIER = YangCustom.ReactorTestUITests;
				PRODUCT_NAME = "$(TARGET_NAME)";
				SWIFT_EMIT_LOC_STRINGS = NO;
				SWIFT_VERSION = 5.0;
				TARGETED_DEVICE_FAMILY = "1,2";
				TEST_TARGET_NAME = ReactorTest;
			};
			name = Release;
		};
/* End XCBuildConfiguration section */

/* Begin XCConfigurationList section */
		8E32237F2C4A7DE00056945A /* Build configuration list for PBXProject "ReactorTest" */ = {
			isa = XCConfigurationList;
			buildConfigurations = (
				8E3223A62C4A7DE40056945A /* Debug */,
				8E3223A72C4A7DE40056945A /* Release */,
			);
			defaultConfigurationIsVisible = 0;
			defaultConfigurationName = Release;
		};
		8E3223A82C4A7DE40056945A /* Build configuration list for PBXNativeTarget "ReactorTest" */ = {
			isa = XCConfigurationList;
			buildConfigurations = (
				8E3223A92C4A7DE40056945A /* Debug */,
				8E3223AA2C4A7DE40056945A /* Release */,
			);
			defaultConfigurationIsVisible = 0;
			defaultConfigurationName = Release;
		};
		8E3223AB2C4A7DE40056945A /* Build configuration list for PBXNativeTarget "ReactorTestTests" */ = {
			isa = XCConfigurationList;
			buildConfigurations = (
				8E3223AC2C4A7DE40056945A /* Debug */,
				8E3223AD2C4A7DE40056945A /* Release */,
			);
			defaultConfigurationIsVisible = 0;
			defaultConfigurationName = Release;
		};
		8E3223AE2C4A7DE40056945A /* Build configuration list for PBXNativeTarget "ReactorTestUITests" */ = {
			isa = XCConfigurationList;
			buildConfigurations = (
				8E3223AF2C4A7DE40056945A /* Debug */,
				8E3223B02C4A7DE40056945A /* Release */,
			);
			defaultConfigurationIsVisible = 0;
			defaultConfigurationName = Release;
		};
/* End XCConfigurationList section */
	};
	rootObject = 8E32237C2C4A7DE00056945A /* Project object */;
}
